
Microsoft Visual Studio Solution File, Format Version 12.00
# Visual Studio 15
VisualStudioVersion = 15.0.28307.271
MinimumVisualStudioVersion = 10.0.40219.1
Project("{9A19103F-16F7-4668-BE54-9A1E7A4F7556}") = "H24", "H24\H24.csproj", "{ED2D3F92-5F55-4EFC-873F-815FE16D6EE6}"
EndProject
Global
	GlobalSection(SolutionConfigurationPlatforms) = preSolution
		Debug|Any CPU = Debug|Any CPU
		Release|Any CPU = Release|Any CPU
	EndGlobalSection
	GlobalSection(ProjectConfigurationPlatforms) = postSolution
		{ED2D3F92-5F55-4EFC-873F-815FE16D6EE6}.Debug|Any CPU.ActiveCfg = Debug|Any CPU
		{ED2D3F92-5F55-4EFC-873F-815FE16D6EE6}.Debug|Any CPU.Build.0 = Debug|Any CPU
		{ED2D3F92-5F55-4EFC-873F-815FE16D6EE6}.Release|Any CPU.ActiveCfg = Release|Any CPU
		{ED2D3F92-5F55-4EFC-873F-815FE16D6EE6}.Release|Any CPU.Build.0 = Release|Any CPU
	EndGlobalSection
	GlobalSection(SolutionProperties) = preSolution
		HideSolutionNode = FALSE
	EndGlobalSection
	GlobalSection(ExtensibilityGlobals) = postSolution
		SolutionGuid = {53E28F85-866C-44A1-8448-F2080A2E32CA}
	EndGlobalSection
EndGlobal
