
Microsoft Visual Studio Solution File, Format Version 12.00
# Visual Studio Version 17
VisualStudioVersion = 17.0.32014.148
MinimumVisualStudioVersion = 10.0.40219.1
Project("{9A19103F-16F7-4668-BE54-9A1E7A4F7556}") = "Helium", "Helium\Helium.csproj", "{B16FAD2F-6C43-4F83-84A2-308959BE90ED}"
EndProject
Project("{9A19103F-16F7-4668-BE54-9A1E7A4F7556}") = "DataProcessing", "DataProcessing\DataProcessing.csproj", "{105A47AE-D686-4100-9349-EEB8FB194517}"
EndProject
Project("{9A19103F-16F7-4668-BE54-9A1E7A4F7556}") = "Support", "Support\Support.csproj", "{F5A49F52-DB74-4980-8C2D-F6CA29D58F61}"
EndProject
Project("{FAE04EC0-301F-11D3-BF4B-00C04F79EFBC}") = "HeliumBackend", "HeliumBackend\HeliumBackend.csproj", "{2A5C120F-5E47-4097-AA88-930388274F81}"
EndProject
Global
	GlobalSection(SolutionConfigurationPlatforms) = preSolution
		Debug|Any CPU = Debug|Any CPU
		Release|Any CPU = Release|Any CPU
	EndGlobalSection
	GlobalSection(ProjectConfigurationPlatforms) = postSolution
		{B16FAD2F-6C43-4F83-84A2-308959BE90ED}.Debug|Any CPU.ActiveCfg = Debug|Any CPU
		{B16FAD2F-6C43-4F83-84A2-308959BE90ED}.Debug|Any CPU.Build.0 = Debug|Any CPU
		{B16FAD2F-6C43-4F83-84A2-308959BE90ED}.Release|Any CPU.ActiveCfg = Release|Any CPU
		{B16FAD2F-6C43-4F83-84A2-308959BE90ED}.Release|Any CPU.Build.0 = Release|Any CPU
		{105A47AE-D686-4100-9349-EEB8FB194517}.Debug|Any CPU.ActiveCfg = Debug|Any CPU
		{105A47AE-D686-4100-9349-EEB8FB194517}.Debug|Any CPU.Build.0 = Debug|Any CPU
		{105A47AE-D686-4100-9349-EEB8FB194517}.Release|Any CPU.ActiveCfg = Release|Any CPU
		{105A47AE-D686-4100-9349-EEB8FB194517}.Release|Any CPU.Build.0 = Release|Any CPU
		{F5A49F52-DB74-4980-8C2D-F6CA29D58F61}.Debug|Any CPU.ActiveCfg = Debug|Any CPU
		{F5A49F52-DB74-4980-8C2D-F6CA29D58F61}.Debug|Any CPU.Build.0 = Debug|Any CPU
		{F5A49F52-DB74-4980-8C2D-F6CA29D58F61}.Release|Any CPU.ActiveCfg = Release|Any CPU
		{F5A49F52-DB74-4980-8C2D-F6CA29D58F61}.Release|Any CPU.Build.0 = Release|Any CPU
		{2A5C120F-5E47-4097-AA88-930388274F81}.Debug|Any CPU.ActiveCfg = Debug|Any CPU
		{2A5C120F-5E47-4097-AA88-930388274F81}.Debug|Any CPU.Build.0 = Debug|Any CPU
		{2A5C120F-5E47-4097-AA88-930388274F81}.Release|Any CPU.ActiveCfg = Release|Any CPU
		{2A5C120F-5E47-4097-AA88-930388274F81}.Release|Any CPU.Build.0 = Release|Any CPU
	EndGlobalSection
	GlobalSection(SolutionProperties) = preSolution
		HideSolutionNode = FALSE
	EndGlobalSection
	GlobalSection(ExtensibilityGlobals) = postSolution
		SolutionGuid = {EC88848C-BC96-41DE-8B24-59D8B7BC52A9}
	EndGlobalSection
EndGlobal
